// !$*UTF8*$!
{
	archiveVersion = 1;
	classes = {
	};
	objectVersion = 56;
	objects = {

/* Begin PBXBuildFile section */
		EC6B8EB129992989004EA731 /* Advanced_SwiftUIApp.swift in Sources */ = {isa = PBXBuildFile; fileRef = EC6B8EB029992989004EA731 /* Advanced_SwiftUIApp.swift */; };
		EC6B8EB52999298A004EA731 /* Assets.xcassets in Resources */ = {isa = PBXBuildFile; fileRef = EC6B8EB42999298A004EA731 /* Assets.xcassets */; };
		EC6B8EB82999298A004EA731 /* Preview Assets.xcassets in Resources */ = {isa = PBXBuildFile; fileRef = EC6B8EB72999298A004EA731 /* Preview Assets.xcassets */; };
		EC6B8EC029992F25004EA731 /* SwiftUI+Animations.swift in Sources */ = {isa = PBXBuildFile; fileRef = EC6B8EBF29992F25004EA731 /* SwiftUI+Animations.swift */; };
		EC6B8EC429992F5F004EA731 /* SwiftUI+Transitions.swift in Sources */ = {isa = PBXBuildFile; fileRef = EC6B8EC329992F5F004EA731 /* SwiftUI+Transitions.swift */; };
		EC6B8EC8299931B9004EA731 /* VerticalTabView.swift in Sources */ = {isa = PBXBuildFile; fileRef = EC6B8EC7299931B9004EA731 /* VerticalTabView.swift */; };
		EC6B8ECB299931FF004EA731 /* UIHostingViewCell.swift in Sources */ = {isa = PBXBuildFile; fileRef = EC6B8ECA299931FF004EA731 /* UIHostingViewCell.swift */; };
		EC6B8ECE2999321B004EA731 /* CollectionView.swift in Sources */ = {isa = PBXBuildFile; fileRef = EC6B8ECD2999321B004EA731 /* CollectionView.swift */; };
		EC6B8ED029993248004EA731 /* UIView+Extensions.swift in Sources */ = {isa = PBXBuildFile; fileRef = EC6B8ECF29993248004EA731 /* UIView+Extensions.swift */; };
		EC6B8ED729993323004EA731 /* ToastDisplay+Style.swift in Sources */ = {isa = PBXBuildFile; fileRef = EC6B8ED329993323004EA731 /* ToastDisplay+Style.swift */; };
		EC6B8ED929993324004EA731 /* ToastDisplay+ViewExtensions.swift in Sources */ = {isa = PBXBuildFile; fileRef = EC6B8ED529993323004EA731 /* ToastDisplay+ViewExtensions.swift */; };
		EC6B8EDA29993324004EA731 /* ToastDisplay.swift in Sources */ = {isa = PBXBuildFile; fileRef = EC6B8ED629993323004EA731 /* ToastDisplay.swift */; };
		EC6B8EDC299933D2004EA731 /* Concurrency+Utils.swift in Sources */ = {isa = PBXBuildFile; fileRef = EC6B8EDB299933D2004EA731 /* Concurrency+Utils.swift */; };
		EC6B8EDF29993424004EA731 /* SwiftUI+TextStyle.swift in Sources */ = {isa = PBXBuildFile; fileRef = EC6B8EDE29993424004EA731 /* SwiftUI+TextStyle.swift */; };
/* End PBXBuildFile section */

/* Begin PBXFileReference section */
		EC6B8EAD29992989004EA731 /* Advanced-SwiftUI.app */ = {isa = PBXFileReference; explicitFileType = wrapper.application; includeInIndex = 0; path = "Advanced-SwiftUI.app"; sourceTree = BUILT_PRODUCTS_DIR; };
		EC6B8EB029992989004EA731 /* Advanced_SwiftUIApp.swift */ = {isa = PBXFileReference; lastKnownFileType = sourcecode.swift; path = Advanced_SwiftUIApp.swift; sourceTree = "<group>"; };
		EC6B8EB42999298A004EA731 /* Assets.xcassets */ = {isa = PBXFileReference; lastKnownFileType = folder.assetcatalog; path = Assets.xcassets; sourceTree = "<group>"; };
		EC6B8EB72999298A004EA731 /* Preview Assets.xcassets */ = {isa = PBXFileReference; lastKnownFileType = folder.assetcatalog; path = "Preview Assets.xcassets"; sourceTree = "<group>"; };
		EC6B8EBF29992F25004EA731 /* SwiftUI+Animations.swift */ = {isa = PBXFileReference; lastKnownFileType = sourcecode.swift; path = "SwiftUI+Animations.swift"; sourceTree = "<group>"; };
		EC6B8EC329992F5F004EA731 /* SwiftUI+Transitions.swift */ = {isa = PBXFileReference; lastKnownFileType = sourcecode.swift; path = "SwiftUI+Transitions.swift"; sourceTree = "<group>"; };
		EC6B8EC7299931B9004EA731 /* VerticalTabView.swift */ = {isa = PBXFileReference; lastKnownFileType = sourcecode.swift; path = VerticalTabView.swift; sourceTree = "<group>"; };
		EC6B8ECA299931FF004EA731 /* UIHostingViewCell.swift */ = {isa = PBXFileReference; lastKnownFileType = sourcecode.swift; path = UIHostingViewCell.swift; sourceTree = "<group>"; };
		EC6B8ECD2999321B004EA731 /* CollectionView.swift */ = {isa = PBXFileReference; lastKnownFileType = sourcecode.swift; path = CollectionView.swift; sourceTree = "<group>"; };
		EC6B8ECF29993248004EA731 /* UIView+Extensions.swift */ = {isa = PBXFileReference; lastKnownFileType = sourcecode.swift; path = "UIView+Extensions.swift"; sourceTree = "<group>"; };
		EC6B8ED329993323004EA731 /* ToastDisplay+Style.swift */ = {isa = PBXFileReference; fileEncoding = 4; lastKnownFileType = sourcecode.swift; path = "ToastDisplay+Style.swift"; sourceTree = "<group>"; };
		EC6B8ED529993323004EA731 /* ToastDisplay+ViewExtensions.swift */ = {isa = PBXFileReference; fileEncoding = 4; lastKnownFileType = sourcecode.swift; path = "ToastDisplay+ViewExtensions.swift"; sourceTree = "<group>"; };
		EC6B8ED629993323004EA731 /* ToastDisplay.swift */ = {isa = PBXFileReference; fileEncoding = 4; lastKnownFileType = sourcecode.swift; path = ToastDisplay.swift; sourceTree = "<group>"; };
		EC6B8EDB299933D2004EA731 /* Concurrency+Utils.swift */ = {isa = PBXFileReference; lastKnownFileType = sourcecode.swift; path = "Concurrency+Utils.swift"; sourceTree = "<group>"; };
		EC6B8EDE29993424004EA731 /* SwiftUI+TextStyle.swift */ = {isa = PBXFileReference; lastKnownFileType = sourcecode.swift; path = "SwiftUI+TextStyle.swift"; sourceTree = "<group>"; };
/* End PBXFileReference section */

/* Begin PBXFrameworksBuildPhase section */
		EC6B8EAA29992989004EA731 /* Frameworks */ = {
			isa = PBXFrameworksBuildPhase;
			buildActionMask = 2147483647;
			files = (
			);
			runOnlyForDeploymentPostprocessing = 0;
		};
/* End PBXFrameworksBuildPhase section */

/* Begin PBXGroup section */
		EC6B8EA429992988004EA731 = {
			isa = PBXGroup;
			children = (
				EC6B8EAF29992989004EA731 /* Advanced-SwiftUI */,
				EC6B8EAE29992989004EA731 /* Products */,
			);
			sourceTree = "<group>";
		};
		EC6B8EAE29992989004EA731 /* Products */ = {
			isa = PBXGroup;
			children = (
				EC6B8EAD29992989004EA731 /* Advanced-SwiftUI.app */,
			);
			name = Products;
			sourceTree = "<group>";
		};
		EC6B8EAF29992989004EA731 /* Advanced-SwiftUI */ = {
			isa = PBXGroup;
			children = (
				EC6B8EB029992989004EA731 /* Advanced_SwiftUIApp.swift */,
				EC6B8EC129992F44004EA731 /* Core */,
				EC6B8EB42999298A004EA731 /* Assets.xcassets */,
				EC6B8EB62999298A004EA731 /* Preview Content */,
			);
			path = "Advanced-SwiftUI";
			sourceTree = "<group>";
		};
		EC6B8EB62999298A004EA731 /* Preview Content */ = {
			isa = PBXGroup;
			children = (
				EC6B8EB72999298A004EA731 /* Preview Assets.xcassets */,
			);
			path = "Preview Content";
			sourceTree = "<group>";
		};
		EC6B8EC129992F44004EA731 /* Core */ = {
			isa = PBXGroup;
			children = (
				EC6B8EC629992F75004EA731 /* SwiftUI */,
				EC6B8ED1299932C6004EA731 /* UIKit */,
				EC6B8EC9299931C1004EA731 /* SwiftUI+UIKit */,
				EC6B8EDD299933D7004EA731 /* Concurrency */,
			);
			path = Core;
			sourceTree = "<group>";
		};
		EC6B8EC229992F54004EA731 /* Animations */ = {
			isa = PBXGroup;
			children = (
				EC6B8EBF29992F25004EA731 /* SwiftUI+Animations.swift */,
			);
			path = Animations;
			sourceTree = "<group>";
		};
		EC6B8EC529992F66004EA731 /* Transitions */ = {
			isa = PBXGroup;
			children = (
				EC6B8EC329992F5F004EA731 /* SwiftUI+Transitions.swift */,
			);
			path = Transitions;
			sourceTree = "<group>";
		};
		EC6B8EC629992F75004EA731 /* SwiftUI */ = {
			isa = PBXGroup;
			children = (
				EC6B8ED229993323004EA731 /* ToastDisplay */,
				EC6B8EC529992F66004EA731 /* Transitions */,
				EC6B8EC229992F54004EA731 /* Animations */,
				EC6B8EE029993428004EA731 /* TextStyle */,
			);
			path = SwiftUI;
			sourceTree = "<group>";
		};
		EC6B8EC9299931C1004EA731 /* SwiftUI+UIKit */ = {
			isa = PBXGroup;
			children = (
				EC6B8EC7299931B9004EA731 /* VerticalTabView.swift */,
				EC6B8ECC29993209004EA731 /* CollectionView */,
			);
			path = "SwiftUI+UIKit";
			sourceTree = "<group>";
		};
		EC6B8ECC29993209004EA731 /* CollectionView */ = {
			isa = PBXGroup;
			children = (
				EC6B8ECD2999321B004EA731 /* CollectionView.swift */,
				EC6B8ECA299931FF004EA731 /* UIHostingViewCell.swift */,
			);
			path = CollectionView;
			sourceTree = "<group>";
		};
		EC6B8ED1299932C6004EA731 /* UIKit */ = {
			isa = PBXGroup;
			children = (
				EC6B8ECF29993248004EA731 /* UIView+Extensions.swift */,
			);
			path = UIKit;
			sourceTree = "<group>";
		};
		EC6B8ED229993323004EA731 /* ToastDisplay */ = {
			isa = PBXGroup;
			children = (
				EC6B8ED629993323004EA731 /* ToastDisplay.swift */,
				EC6B8ED329993323004EA731 /* ToastDisplay+Style.swift */,
				EC6B8ED529993323004EA731 /* ToastDisplay+ViewExtensions.swift */,
			);
			path = ToastDisplay;
			sourceTree = "<group>";
		};
		EC6B8EDD299933D7004EA731 /* Concurrency */ = {
			isa = PBXGroup;
			children = (
				EC6B8EDB299933D2004EA731 /* Concurrency+Utils.swift */,
			);
			path = Concurrency;
			sourceTree = "<group>";
		};
		EC6B8EE029993428004EA731 /* TextStyle */ = {
			isa = PBXGroup;
			children = (
				EC6B8EDE29993424004EA731 /* SwiftUI+TextStyle.swift */,
			);
			path = TextStyle;
			sourceTree = "<group>";
		};
/* End PBXGroup section */

/* Begin PBXNativeTarget section */
		EC6B8EAC29992989004EA731 /* Advanced-SwiftUI */ = {
			isa = PBXNativeTarget;
			buildConfigurationList = EC6B8EBB2999298A004EA731 /* Build configuration list for PBXNativeTarget "Advanced-SwiftUI" */;
			buildPhases = (
				EC6B8EA929992989004EA731 /* Sources */,
				EC6B8EAA29992989004EA731 /* Frameworks */,
				EC6B8EAB29992989004EA731 /* Resources */,
			);
			buildRules = (
			);
			dependencies = (
			);
			name = "Advanced-SwiftUI";
			productName = "Advanced-SwiftUI";
			productReference = EC6B8EAD29992989004EA731 /* Advanced-SwiftUI.app */;
			productType = "com.apple.product-type.application";
		};
/* End PBXNativeTarget section */

/* Begin PBXProject section */
		EC6B8EA529992988004EA731 /* Project object */ = {
			isa = PBXProject;
			attributes = {
				BuildIndependentTargetsInParallel = 1;
				LastSwiftUpdateCheck = 1410;
				LastUpgradeCheck = 1410;
				TargetAttributes = {
					EC6B8EAC29992989004EA731 = {
						CreatedOnToolsVersion = 14.1;
					};
				};
			};
			buildConfigurationList = EC6B8EA829992988004EA731 /* Build configuration list for PBXProject "Advanced-SwiftUI" */;
			compatibilityVersion = "Xcode 14.0";
			developmentRegion = en;
			hasScannedForEncodings = 0;
			knownRegions = (
				en,
				Base,
			);
			mainGroup = EC6B8EA429992988004EA731;
			productRefGroup = EC6B8EAE29992989004EA731 /* Products */;
			projectDirPath = "";
			projectRoot = "";
			targets = (
				EC6B8EAC29992989004EA731 /* Advanced-SwiftUI */,
			);
		};
/* End PBXProject section */

/* Begin PBXResourcesBuildPhase section */
		EC6B8EAB29992989004EA731 /* Resources */ = {
			isa = PBXResourcesBuildPhase;
			buildActionMask = 2147483647;
			files = (
				EC6B8EB82999298A004EA731 /* Preview Assets.xcassets in Resources */,
				EC6B8EB52999298A004EA731 /* Assets.xcassets in Resources */,
			);
			runOnlyForDeploymentPostprocessing = 0;
		};
/* End PBXResourcesBuildPhase section */

/* Begin PBXSourcesBuildPhase section */
		EC6B8EA929992989004EA731 /* Sources */ = {
			isa = PBXSourcesBuildPhase;
			buildActionMask = 2147483647;
			files = (
				EC6B8ED729993323004EA731 /* ToastDisplay+Style.swift in Sources */,
				EC6B8ED029993248004EA731 /* UIView+Extensions.swift in Sources */,
				EC6B8EDF29993424004EA731 /* SwiftUI+TextStyle.swift in Sources */,
				EC6B8ED929993324004EA731 /* ToastDisplay+ViewExtensions.swift in Sources */,
				EC6B8EDA29993324004EA731 /* ToastDisplay.swift in Sources */,
				EC6B8ECE2999321B004EA731 /* CollectionView.swift in Sources */,
				EC6B8EC8299931B9004EA731 /* VerticalTabView.swift in Sources */,
				EC6B8ECB299931FF004EA731 /* UIHostingViewCell.swift in Sources */,
				EC6B8EC029992F25004EA731 /* SwiftUI+Animations.swift in Sources */,
				EC6B8EB129992989004EA731 /* Advanced_SwiftUIApp.swift in Sources */,
				EC6B8EDC299933D2004EA731 /* Concurrency+Utils.swift in Sources */,
				EC6B8EC429992F5F004EA731 /* SwiftUI+Transitions.swift in Sources */,
			);
			runOnlyForDeploymentPostprocessing = 0;
		};
/* End PBXSourcesBuildPhase section */

/* Begin XCBuildConfiguration section */
		EC6B8EB92999298A004EA731 /* Debug */ = {
			isa = XCBuildConfiguration;
			buildSettings = {
				ALWAYS_SEARCH_USER_PATHS = NO;
				CLANG_ANALYZER_NONNULL = YES;
				CLANG_ANALYZER_NUMBER_OBJECT_CONVERSION = YES_AGGRESSIVE;
				CLANG_CXX_LANGUAGE_STANDARD = "gnu++20";
				CLANG_ENABLE_MODULES = YES;
				CLANG_ENABLE_OBJC_ARC = YES;
				CLANG_ENABLE_OBJC_WEAK = YES;
				CLANG_WARN_BLOCK_CAPTURE_AUTORELEASING = YES;
				CLANG_WARN_BOOL_CONVERSION = YES;
				CLANG_WARN_COMMA = YES;
				CLANG_WARN_CONSTANT_CONVERSION = YES;
				CLANG_WARN_DEPRECATED_OBJC_IMPLEMENTATIONS = YES;
				CLANG_WARN_DIRECT_OBJC_ISA_USAGE = YES_ERROR;
				CLANG_WARN_DOCUMENTATION_COMMENTS = YES;
				CLANG_WARN_EMPTY_BODY = YES;
				CLANG_WARN_ENUM_CONVERSION = YES;
				CLANG_WARN_INFINITE_RECURSION = YES;
				CLANG_WARN_INT_CONVERSION = YES;
				CLANG_WARN_NON_LITERAL_NULL_CONVERSION = YES;
				CLANG_WARN_OBJC_IMPLICIT_RETAIN_SELF = YES;
				CLANG_WARN_OBJC_LITERAL_CONVERSION = YES;
				CLANG_WARN_OBJC_ROOT_CLASS = YES_ERROR;
				CLANG_WARN_QUOTED_INCLUDE_IN_FRAMEWORK_HEADER = YES;
				CLANG_WARN_RANGE_LOOP_ANALYSIS = YES;
				CLANG_WARN_STRICT_PROTOTYPES = YES;
				CLANG_WARN_SUSPICIOUS_MOVE = YES;
				CLANG_WARN_UNGUARDED_AVAILABILITY = YES_AGGRESSIVE;
				CLANG_WARN_UNREACHABLE_CODE = YES;
				CLANG_WARN__DUPLICATE_METHOD_MATCH = YES;
				COPY_PHASE_STRIP = NO;
				DEBUG_INFORMATION_FORMAT = dwarf;
				ENABLE_STRICT_OBJC_MSGSEND = YES;
				ENABLE_TESTABILITY = YES;
				GCC_C_LANGUAGE_STANDARD = gnu11;
				GCC_DYNAMIC_NO_PIC = NO;
				GCC_NO_COMMON_BLOCKS = YES;
				GCC_OPTIMIZATION_LEVEL = 0;
				GCC_PREPROCESSOR_DEFINITIONS = (
					"DEBUG=1",
					"$(inherited)",
				);
				GCC_WARN_64_TO_32_BIT_CONVERSION = YES;
				GCC_WARN_ABOUT_RETURN_TYPE = YES_ERROR;
				GCC_WARN_UNDECLARED_SELECTOR = YES;
				GCC_WARN_UNINITIALIZED_AUTOS = YES_AGGRESSIVE;
				GCC_WARN_UNUSED_FUNCTION = YES;
				GCC_WARN_UNUSED_VARIABLE = YES;
				IPHONEOS_DEPLOYMENT_TARGET = 15.0;
				MTL_ENABLE_DEBUG_INFO = INCLUDE_SOURCE;
				MTL_FAST_MATH = YES;
				ONLY_ACTIVE_ARCH = YES;
				SDKROOT = iphoneos;
				SWIFT_ACTIVE_COMPILATION_CONDITIONS = DEBUG;
				SWIFT_OPTIMIZATION_LEVEL = "-Onone";
			};
			name = Debug;
		};
		EC6B8EBA2999298A004EA731 /* Release */ = {
			isa = XCBuildConfiguration;
			buildSettings = {
				ALWAYS_SEARCH_USER_PATHS = NO;
				CLANG_ANALYZER_NONNULL = YES;
				CLANG_ANALYZER_NUMBER_OBJECT_CONVERSION = YES_AGGRESSIVE;
				CLANG_CXX_LANGUAGE_STANDARD = "gnu++20";
				CLANG_ENABLE_MODULES = YES;
				CLANG_ENABLE_OBJC_ARC = YES;
				CLANG_ENABLE_OBJC_WEAK = YES;
				CLANG_WARN_BLOCK_CAPTURE_AUTORELEASING = YES;
				CLANG_WARN_BOOL_CONVERSION = YES;
				CLANG_WARN_COMMA = YES;
				CLANG_WARN_CONSTANT_CONVERSION = YES;
				CLANG_WARN_DEPRECATED_OBJC_IMPLEMENTATIONS = YES;
				CLANG_WARN_DIRECT_OBJC_ISA_USAGE = YES_ERROR;
				CLANG_WARN_DOCUMENTATION_COMMENTS = YES;
				CLANG_WARN_EMPTY_BODY = YES;
				CLANG_WARN_ENUM_CONVERSION = YES;
				CLANG_WARN_INFINITE_RECURSION = YES;
				CLANG_WARN_INT_CONVERSION = YES;
				CLANG_WARN_NON_LITERAL_NULL_CONVERSION = YES;
				CLANG_WARN_OBJC_IMPLICIT_RETAIN_SELF = YES;
				CLANG_WARN_OBJC_LITERAL_CONVERSION = YES;
				CLANG_WARN_OBJC_ROOT_CLASS = YES_ERROR;
				CLANG_WARN_QUOTED_INCLUDE_IN_FRAMEWORK_HEADER = YES;
				CLANG_WARN_RANGE_LOOP_ANALYSIS = YES;
				CLANG_WARN_STRICT_PROTOTYPES = YES;
				CLANG_WARN_SUSPICIOUS_MOVE = YES;
				CLANG_WARN_UNGUARDED_AVAILABILITY = YES_AGGRESSIVE;
				CLANG_WARN_UNREACHABLE_CODE = YES;
				CLANG_WARN__DUPLICATE_METHOD_MATCH = YES;
				COPY_PHASE_STRIP = NO;
				DEBUG_INFORMATION_FORMAT = "dwarf-with-dsym";
				ENABLE_NS_ASSERTIONS = NO;
				ENABLE_STRICT_OBJC_MSGSEND = YES;
				GCC_C_LANGUAGE_STANDARD = gnu11;
				GCC_NO_COMMON_BLOCKS = YES;
				GCC_WARN_64_TO_32_BIT_CONVERSION = YES;
				GCC_WARN_ABOUT_RETURN_TYPE = YES_ERROR;
				GCC_WARN_UNDECLARED_SELECTOR = YES;
				GCC_WARN_UNINITIALIZED_AUTOS = YES_AGGRESSIVE;
				GCC_WARN_UNUSED_FUNCTION = YES;
				GCC_WARN_UNUSED_VARIABLE = YES;
				IPHONEOS_DEPLOYMENT_TARGET = 15.0;
				MTL_ENABLE_DEBUG_INFO = NO;
				MTL_FAST_MATH = YES;
				SDKROOT = iphoneos;
				SWIFT_COMPILATION_MODE = wholemodule;
				SWIFT_OPTIMIZATION_LEVEL = "-O";
				VALIDATE_PRODUCT = YES;
			};
			name = Release;
		};
		EC6B8EBC2999298A004EA731 /* Debug */ = {
			isa = XCBuildConfiguration;
			buildSettings = {
				ASSETCATALOG_COMPILER_APPICON_NAME = AppIcon;
				ASSETCATALOG_COMPILER_GLOBAL_ACCENT_COLOR_NAME = AccentColor;
				CODE_SIGN_STYLE = Automatic;
				CURRENT_PROJECT_VERSION = 1;
				DEVELOPMENT_ASSET_PATHS = "\"Advanced-SwiftUI/Preview Content\"";
				ENABLE_PREVIEWS = YES;
				GENERATE_INFOPLIST_FILE = YES;
				INFOPLIST_KEY_UIApplicationSceneManifest_Generation = YES;
				INFOPLIST_KEY_UIApplicationSupportsIndirectInputEvents = YES;
				INFOPLIST_KEY_UILaunchScreen_Generation = YES;
				INFOPLIST_KEY_UISupportedInterfaceOrientations_iPad = "UIInterfaceOrientationPortrait UIInterfaceOrientationPortraitUpsideDown UIInterfaceOrientationLandscapeLeft UIInterfaceOrientationLandscapeRight";
				INFOPLIST_KEY_UISupportedInterfaceOrientations_iPhone = "UIInterfaceOrientationPortrait UIInterfaceOrientationLandscapeLeft UIInterfaceOrientationLandscapeRight";
				IPHONEOS_DEPLOYMENT_TARGET = 15.0;
				LD_RUNPATH_SEARCH_PATHS = (
					"$(inherited)",
					"@executable_path/Frameworks",
				);
				MARKETING_VERSION = 1.0;
				PRODUCT_BUNDLE_IDENTIFIER = "com.sergiucorbu.Advanced-SwiftUI";
				PRODUCT_NAME = "$(TARGET_NAME)";
				SUPPORTED_PLATFORMS = "iphoneos iphonesimulator";
				SUPPORTS_MACCATALYST = NO;
				SUPPORTS_MAC_DESIGNED_FOR_IPHONE_IPAD = NO;
				SWIFT_EMIT_LOC_STRINGS = YES;
				SWIFT_VERSION = 5.0;
				TARGETED_DEVICE_FAMILY = "1,2";
			};
			name = Debug;
		};
		EC6B8EBD2999298A004EA731 /* Release */ = {
			isa = XCBuildConfiguration;
			buildSettings = {
				ASSETCATALOG_COMPILER_APPICON_NAME = AppIcon;
				ASSETCATALOG_COMPILER_GLOBAL_ACCENT_COLOR_NAME = AccentColor;
				CODE_SIGN_STYLE = Automatic;
				CURRENT_PROJECT_VERSION = 1;
				DEVELOPMENT_ASSET_PATHS = "\"Advanced-SwiftUI/Preview Content\"";
				ENABLE_PREVIEWS = YES;
				GENERATE_INFOPLIST_FILE = YES;
				INFOPLIST_KEY_UIApplicationSceneManifest_Generation = YES;
				INFOPLIST_KEY_UIApplicationSupportsIndirectInputEvents = YES;
				INFOPLIST_KEY_UILaunchScreen_Generation = YES;
				INFOPLIST_KEY_UISupportedInterfaceOrientations_iPad = "UIInterfaceOrientationPortrait UIInterfaceOrientationPortraitUpsideDown UIInterfaceOrientationLandscapeLeft UIInterfaceOrientationLandscapeRight";
				INFOPLIST_KEY_UISupportedInterfaceOrientations_iPhone = "UIInterfaceOrientationPortrait UIInterfaceOrientationLandscapeLeft UIInterfaceOrientationLandscapeRight";
				IPHONEOS_DEPLOYMENT_TARGET = 15.0;
				LD_RUNPATH_SEARCH_PATHS = (
					"$(inherited)",
					"@executable_path/Frameworks",
				);
				MARKETING_VERSION = 1.0;
				PRODUCT_BUNDLE_IDENTIFIER = "com.sergiucorbu.Advanced-SwiftUI";
				PRODUCT_NAME = "$(TARGET_NAME)";
				SUPPORTED_PLATFORMS = "iphoneos iphonesimulator";
				SUPPORTS_MACCATALYST = NO;
				SUPPORTS_MAC_DESIGNED_FOR_IPHONE_IPAD = NO;
				SWIFT_EMIT_LOC_STRINGS = YES;
				SWIFT_VERSION = 5.0;
				TARGETED_DEVICE_FAMILY = "1,2";
			};
			name = Release;
		};
/* End XCBuildConfiguration section */

/* Begin XCConfigurationList section */
		EC6B8EA829992988004EA731 /* Build configuration list for PBXProject "Advanced-SwiftUI" */ = {
			isa = XCConfigurationList;
			buildConfigurations = (
				EC6B8EB92999298A004EA731 /* Debug */,
				EC6B8EBA2999298A004EA731 /* Release */,
			);
			defaultConfigurationIsVisible = 0;
			defaultConfigurationName = Release;
		};
		EC6B8EBB2999298A004EA731 /* Build configuration list for PBXNativeTarget "Advanced-SwiftUI" */ = {
			isa = XCConfigurationList;
			buildConfigurations = (
				EC6B8EBC2999298A004EA731 /* Debug */,
				EC6B8EBD2999298A004EA731 /* Release */,
			);
			defaultConfigurationIsVisible = 0;
			defaultConfigurationName = Release;
		};
/* End XCConfigurationList section */
	};
	rootObject = EC6B8EA529992988004EA731 /* Project object */;
}
